
Microsoft Visual Studio Solution File, Format Version 12.00
# Visual Studio Version 17
VisualStudioVersion = 17.8.34330.188
MinimumVisualStudioVersion = 10.0.40219.1
Project("{FAE04EC0-301F-11D3-BF4B-00C04F79EFBC}") = "NUnitDemonstration", "NUnitDemonstration\NUnitDemonstration.csproj", "{46B2AC18-5733-48A4-BD75-FFA2E81B92C4}"
EndProject
Project("{FAE04EC0-301F-11D3-BF4B-00C04F79EFBC}") = "Testclass", "Testclass\Testclass.csproj", "{55297638-9226-418B-BA24-55BDE1FD41C5}"
EndProject
Global
	GlobalSection(SolutionConfigurationPlatforms) = preSolution
		Debug|Any CPU = Debug|Any CPU
		Release|Any CPU = Release|Any CPU
	EndGlobalSection
	GlobalSection(ProjectConfigurationPlatforms) = postSolution
		{46B2AC18-5733-48A4-BD75-FFA2E81B92C4}.Debug|Any CPU.ActiveCfg = Debug|Any CPU
		{46B2AC18-5733-48A4-BD75-FFA2E81B92C4}.Debug|Any CPU.Build.0 = Debug|Any CPU
		{46B2AC18-5733-48A4-BD75-FFA2E81B92C4}.Release|Any CPU.ActiveCfg = Release|Any CPU
		{46B2AC18-5733-48A4-BD75-FFA2E81B92C4}.Release|Any CPU.Build.0 = Release|Any CPU
		{55297638-9226-418B-BA24-55BDE1FD41C5}.Debug|Any CPU.ActiveCfg = Debug|Any CPU
		{55297638-9226-418B-BA24-55BDE1FD41C5}.Debug|Any CPU.Build.0 = Debug|Any CPU
		{55297638-9226-418B-BA24-55BDE1FD41C5}.Release|Any CPU.ActiveCfg = Release|Any CPU
		{55297638-9226-418B-BA24-55BDE1FD41C5}.Release|Any CPU.Build.0 = Release|Any CPU
	EndGlobalSection
	GlobalSection(SolutionProperties) = preSolution
		HideSolutionNode = FALSE
	EndGlobalSection
	GlobalSection(ExtensibilityGlobals) = postSolution
		SolutionGuid = {BE33AD01-4CB0-4F1A-B812-0329AAC69403}
	EndGlobalSection
EndGlobal
